{
  "name": "xml-toolkit",
  "version": "1.0.9",
  "lockfileVersion": 2,
  "requires": true,
  "packages": {
    "": {
      "name": "xml-toolkit",
      "version": "1.0.9",
      "license": "MIT",
      "dependencies": {
        "string-escape-map": "^1.0.0"
      }
    },
    "node_modules/string-escape-map": {
      "version": "1.0.0",
      "resolved": "https://registry.npmjs.org/string-escape-map/-/string-escape-map-1.0.0.tgz",
      "integrity": "sha512-Z4aD9U0jQ0Bl2t6Heezy+2buy5aXQ4Ph4t9gUqfy2Fgqxdye/OvXN6/Ox1hMRa3uZ7lVKB5IjqrF/bOl0uQS1A=="
    }
  },
  "dependencies": {
    "string-escape-map": {
      "version": "1.0.0",
      "resolved": "https://registry.npmjs.org/string-escape-map/-/string-escape-map-1.0.0.tgz",
      "integrity": "sha512-Z4aD9U0jQ0Bl2t6Heezy+2buy5aXQ4Ph4t9gUqfy2Fgqxdye/OvXN6/Ox1hMRa3uZ7lVKB5IjqrF/bOl0uQS1A=="
    }
  }
}
